
Microsoft Visual Studio Solution File, Format Version 12.00
# Visual Studio 2012
Project("{F184B08F-C81C-45F6-A57F-5ABD9991F28F}") = "ExamplesObject oriented Programing", "ExamplesObject oriented Programing\ExamplesObject oriented Programing.vbproj", "{817FEE13-82AC-45A1-AF97-0D5A996D118C}"
EndProject
Global
	GlobalSection(SolutionConfigurationPlatforms) = preSolution
		Debug|Any CPU = Debug|Any CPU
		Release|Any CPU = Release|Any CPU
	EndGlobalSection
	GlobalSection(ProjectConfigurationPlatforms) = postSolution
		{817FEE13-82AC-45A1-AF97-0D5A996D118C}.Debug|Any CPU.ActiveCfg = Debug|Any CPU
		{817FEE13-82AC-45A1-AF97-0D5A996D118C}.Debug|Any CPU.Build.0 = Debug|Any CPU
		{817FEE13-82AC-45A1-AF97-0D5A996D118C}.Release|Any CPU.ActiveCfg = Release|Any CPU
		{817FEE13-82AC-45A1-AF97-0D5A996D118C}.Release|Any CPU.Build.0 = Release|Any CPU
	EndGlobalSection
	GlobalSection(SolutionProperties) = preSolution
		HideSolutionNode = FALSE
	EndGlobalSection
EndGlobal
